
Microsoft Visual Studio Solution File, Format Version 12.00
# Visual Studio 15
VisualStudioVersion = 15.0.27130.2027
MinimumVisualStudioVersion = 10.0.40219.1
Project("{FAE04EC0-301F-11D3-BF4B-00C04F79EFBC}") = "cms5", "cms5\cms5.csproj", "{BBB163C4-D40F-4C7F-A276-B267AE62976C}"
EndProject
Project("{FAE04EC0-301F-11D3-BF4B-00C04F79EFBC}") = "BLL", "BLL\BLL.csproj", "{7FCAFF28-7FDF-47FA-89F0-D9130E8302E6}"
EndProject
Project("{FAE04EC0-301F-11D3-BF4B-00C04F79EFBC}") = "DAL", "DAL\DAL.csproj", "{577983CC-3359-4810-BA79-BCAC8EEFC317}"
EndProject
Project("{FAE04EC0-301F-11D3-BF4B-00C04F79EFBC}") = "Models", "Models\Models.csproj", "{BFC7C7E6-1A7F-4A7C-824D-DBF47C6D7F25}"
EndProject
Global
	GlobalSection(SolutionConfigurationPlatforms) = preSolution
		Debug|Any CPU = Debug|Any CPU
		Release|Any CPU = Release|Any CPU
	EndGlobalSection
	GlobalSection(ProjectConfigurationPlatforms) = postSolution
		{BBB163C4-D40F-4C7F-A276-B267AE62976C}.Debug|Any CPU.ActiveCfg = Debug|Any CPU
		{BBB163C4-D40F-4C7F-A276-B267AE62976C}.Debug|Any CPU.Build.0 = Debug|Any CPU
		{BBB163C4-D40F-4C7F-A276-B267AE62976C}.Release|Any CPU.ActiveCfg = Release|Any CPU
		{BBB163C4-D40F-4C7F-A276-B267AE62976C}.Release|Any CPU.Build.0 = Release|Any CPU
		{7FCAFF28-7FDF-47FA-89F0-D9130E8302E6}.Debug|Any CPU.ActiveCfg = Debug|Any CPU
		{7FCAFF28-7FDF-47FA-89F0-D9130E8302E6}.Debug|Any CPU.Build.0 = Debug|Any CPU
		{7FCAFF28-7FDF-47FA-89F0-D9130E8302E6}.Release|Any CPU.ActiveCfg = Release|Any CPU
		{7FCAFF28-7FDF-47FA-89F0-D9130E8302E6}.Release|Any CPU.Build.0 = Release|Any CPU
		{577983CC-3359-4810-BA79-BCAC8EEFC317}.Debug|Any CPU.ActiveCfg = Debug|Any CPU
		{577983CC-3359-4810-BA79-BCAC8EEFC317}.Debug|Any CPU.Build.0 = Debug|Any CPU
		{577983CC-3359-4810-BA79-BCAC8EEFC317}.Release|Any CPU.ActiveCfg = Release|Any CPU
		{577983CC-3359-4810-BA79-BCAC8EEFC317}.Release|Any CPU.Build.0 = Release|Any CPU
		{BFC7C7E6-1A7F-4A7C-824D-DBF47C6D7F25}.Debug|Any CPU.ActiveCfg = Debug|Any CPU
		{BFC7C7E6-1A7F-4A7C-824D-DBF47C6D7F25}.Debug|Any CPU.Build.0 = Debug|Any CPU
		{BFC7C7E6-1A7F-4A7C-824D-DBF47C6D7F25}.Release|Any CPU.ActiveCfg = Release|Any CPU
		{BFC7C7E6-1A7F-4A7C-824D-DBF47C6D7F25}.Release|Any CPU.Build.0 = Release|Any CPU
	EndGlobalSection
	GlobalSection(SolutionProperties) = preSolution
		HideSolutionNode = FALSE
	EndGlobalSection
	GlobalSection(ExtensibilityGlobals) = postSolution
		SolutionGuid = {77F72260-9CFC-4BF9-B0B0-0922854E8C64}
	EndGlobalSection
EndGlobal
